dependencies:
- name: elasticsearch
  repository: https://helm.elastic.co
  version: 8.5.1
- name: kafka
  repository: https://charts.bitnami.com/bitnami
  version: 30.1.1
- name: minio
  repository: https://charts.bitnami.com/bitnami
  version: 14.7.9
- name: postgresql
  repository: https://charts.bitnami.com/bitnami
  version: 15.5.31
digest: sha256:69d5244d424807e0de05d7b62dd08dce52c9edf876bb2143e5e86656a5f6f229
generated: "2024-09-16T21:18:23.04197363+02:00"
