dependencies:
- name: elasticsearch
  repository: https://helm.elastic.co
  version: 7.16.3
- name: kafka
  repository: https://charts.bitnami.com/bitnami
  version: 15.3.3
- name: kafka
  repository: https://charts.bitnami.com/bitnami
  version: 15.3.3
- name: minio
  repository: https://charts.min.io/
  version: 3.5.8
digest: sha256:44e2b3ff7c9ff2b6cc91224310fd09efbc006fc514814fe0aa640dd53a55f673
generated: "2022-02-28T21:23:18.573461326+01:00"
