dependencies:
- name: elasticsearch
  repository: https://helm.elastic.co
  version: 7.5.1
- name: kafka
  repository: http://storage.googleapis.com/kubernetes-charts-incubator
  version: 0.20.7
digest: sha256:2a425d6551ad30e4b35695f6346e1bf010cb0064a39456c44c187d19fdaebe6a
generated: "2020-01-10T10:33:14.847235118+01:00"
