dependencies:
- name: elasticsearch
  repository: https://helm.elastic.co
  version: 7.11.1
- name: kafka
  repository: https://charts.bitnami.com/bitnami
  version: 12.9.0
digest: sha256:ec8a636a1d683d4e47bd8db7cdcdbd95bebeefaa16bab79160848f1a36ed2288
generated: "2021-02-19T11:57:05.435510312+01:00"
