dependencies:
- name: postgres
  repository: https://groundhog2k.github.io/helm-charts/
  version: 1.5.7
- name: minio
  repository: https://charts.min.io/
  version: 5.4.0
- name: kestra
  repository: https://helm.kestra.io/
  version: 1.0.3
digest: sha256:e9a5d9a216eba43b843a0d2bc723743a0828514ebf7100e22c24bd6337de6331
generated: "2025-09-17T11:39:12.848910669+02:00"
