dependencies:
- name: postgres
  repository: https://groundhog2k.github.io/helm-charts/
  version: 1.5.7
- name: minio
  repository: https://charts.min.io/
  version: 5.4.0
- name: kestra
  repository: https://helm.kestra.io/
  version: 1.0.1
digest: sha256:f0b1a8129cff6dfe33d4758002d382f407c8024ce5017aeb201b2feb7eeddf95
generated: "2025-09-11T13:50:42.981118855+02:00"
