dependencies:
- name: postgres
  repository: https://groundhog2k.github.io/helm-charts/
  version: 1.5.7
- name: minio
  repository: https://charts.min.io/
  version: 5.4.0
- name: kestra
  repository: https://helm.kestra.io/
  version: 1.0.2
digest: sha256:05f51a2aa6c785c0d875867396f62a6588cc1ba18f54ba2606f36c5da5175cda
generated: "2025-09-12T09:24:42.93842886+02:00"
